// !$*UTF8*$!
{
	archiveVersion = 1;
	classes = {
	};
	objectVersion = 48;
	objects = {

/* Begin PBXBuildFile section */
		290043F21FB22899007532AF /* MYFClient.swift in Sources */ = {isa = PBXBuildFile; fileRef = 290043F11FB22899007532AF /* MYFClient.swift */; };
		290043F41FB228B1007532AF /* MYFConstants.swift in Sources */ = {isa = PBXBuildFile; fileRef = 290043F31FB228B1007532AF /* MYFConstants.swift */; };
		290043F61FB228C8007532AF /* MYFConvinience.swift in Sources */ = {isa = PBXBuildFile; fileRef = 290043F51FB228C7007532AF /* MYFConvinience.swift */; };
		290043F81FB22913007532AF /* GCD.swift in Sources */ = {isa = PBXBuildFile; fileRef = 290043F71FB22913007532AF /* GCD.swift */; };
		295150631FAF9F8200A6107B /* AppDelegate.swift in Sources */ = {isa = PBXBuildFile; fileRef = 295150621FAF9F8200A6107B /* AppDelegate.swift */; };
		295150651FAF9F8200A6107B /* ViewController.swift in Sources */ = {isa = PBXBuildFile; fileRef = 295150641FAF9F8200A6107B /* ViewController.swift */; };
		295150681FAF9F8200A6107B /* Main.storyboard in Resources */ = {isa = PBXBuildFile; fileRef = 295150661FAF9F8200A6107B /* Main.storyboard */; };
		2951506B1FAF9F8200A6107B /* MyFinance.xcdatamodeld in Sources */ = {isa = PBXBuildFile; fileRef = 295150691FAF9F8200A6107B /* MyFinance.xcdatamodeld */; };
		2951506D1FAF9F8200A6107B /* Assets.xcassets in Resources */ = {isa = PBXBuildFile; fileRef = 2951506C1FAF9F8200A6107B /* Assets.xcassets */; };
		295150701FAF9F8200A6107B /* LaunchScreen.storyboard in Resources */ = {isa = PBXBuildFile; fileRef = 2951506E1FAF9F8200A6107B /* LaunchScreen.storyboard */; };
		2951507B1FAF9F8300A6107B /* MyFinanceTests.swift in Sources */ = {isa = PBXBuildFile; fileRef = 2951507A1FAF9F8300A6107B /* MyFinanceTests.swift */; };
		295150861FAF9F8300A6107B /* MyFinanceUITests.swift in Sources */ = {isa = PBXBuildFile; fileRef = 295150851FAF9F8300A6107B /* MyFinanceUITests.swift */; };
		29C78C701FB334340028FB9D /* Type.swift in Sources */ = {isa = PBXBuildFile; fileRef = 29C78C6F1FB334340028FB9D /* Type.swift */; };
		29C78C731FB339AE0028FB9D /* AlertController.swift in Sources */ = {isa = PBXBuildFile; fileRef = 29C78C721FB339AE0028FB9D /* AlertController.swift */; };
/* End PBXBuildFile section */

/* Begin PBXContainerItemProxy section */
		295150771FAF9F8300A6107B /* PBXContainerItemProxy */ = {
			isa = PBXContainerItemProxy;
			containerPortal = 295150571FAF9F8200A6107B /* Project object */;
			proxyType = 1;
			remoteGlobalIDString = 2951505E1FAF9F8200A6107B;
			remoteInfo = MyFinance;
		};
		295150821FAF9F8300A6107B /* PBXContainerItemProxy */ = {
			isa = PBXContainerItemProxy;
			containerPortal = 295150571FAF9F8200A6107B /* Project object */;
			proxyType = 1;
			remoteGlobalIDString = 2951505E1FAF9F8200A6107B;
			remoteInfo = MyFinance;
		};
/* End PBXContainerItemProxy section */

/* Begin PBXFileReference section */
		290043F11FB22899007532AF /* MYFClient.swift */ = {isa = PBXFileReference; lastKnownFileType = sourcecode.swift; path = MYFClient.swift; sourceTree = "<group>"; };
		290043F31FB228B1007532AF /* MYFConstants.swift */ = {isa = PBXFileReference; lastKnownFileType = sourcecode.swift; path = MYFConstants.swift; sourceTree = "<group>"; };
		290043F51FB228C7007532AF /* MYFConvinience.swift */ = {isa = PBXFileReference; lastKnownFileType = sourcecode.swift; path = MYFConvinience.swift; sourceTree = "<group>"; };
		290043F71FB22913007532AF /* GCD.swift */ = {isa = PBXFileReference; lastKnownFileType = sourcecode.swift; path = GCD.swift; sourceTree = "<group>"; };
		2951505F1FAF9F8200A6107B /* MyFinance.app */ = {isa = PBXFileReference; explicitFileType = wrapper.application; includeInIndex = 0; path = MyFinance.app; sourceTree = BUILT_PRODUCTS_DIR; };
		295150621FAF9F8200A6107B /* AppDelegate.swift */ = {isa = PBXFileReference; lastKnownFileType = sourcecode.swift; path = AppDelegate.swift; sourceTree = "<group>"; };
		295150641FAF9F8200A6107B /* ViewController.swift */ = {isa = PBXFileReference; lastKnownFileType = sourcecode.swift; path = ViewController.swift; sourceTree = "<group>"; };
		295150671FAF9F8200A6107B /* Base */ = {isa = PBXFileReference; lastKnownFileType = file.storyboard; name = Base; path = Base.lproj/Main.storyboard; sourceTree = "<group>"; };
		2951506A1FAF9F8200A6107B /* MyFinance.xcdatamodel */ = {isa = PBXFileReference; lastKnownFileType = wrapper.xcdatamodel; path = MyFinance.xcdatamodel; sourceTree = "<group>"; };
		2951506C1FAF9F8200A6107B /* Assets.xcassets */ = {isa = PBXFileReference; lastKnownFileType = folder.assetcatalog; path = Assets.xcassets; sourceTree = "<group>"; };
		2951506F1FAF9F8200A6107B /* Base */ = {isa = PBXFileReference; lastKnownFileType = file.storyboard; name = Base; path = Base.lproj/LaunchScreen.storyboard; sourceTree = "<group>"; };
		295150711FAF9F8200A6107B /* Info.plist */ = {isa = PBXFileReference; lastKnownFileType = text.plist.xml; path = Info.plist; sourceTree = "<group>"; };
		295150761FAF9F8300A6107B /* MyFinanceTests.xctest */ = {isa = PBXFileReference; explicitFileType = wrapper.cfbundle; includeInIndex = 0; path = MyFinanceTests.xctest; sourceTree = BUILT_PRODUCTS_DIR; };
		2951507A1FAF9F8300A6107B /* MyFinanceTests.swift */ = {isa = PBXFileReference; lastKnownFileType = sourcecode.swift; path = MyFinanceTests.swift; sourceTree = "<group>"; };
		2951507C1FAF9F8300A6107B /* Info.plist */ = {isa = PBXFileReference; lastKnownFileType = text.plist.xml; path = Info.plist; sourceTree = "<group>"; };
		295150811FAF9F8300A6107B /* MyFinanceUITests.xctest */ = {isa = PBXFileReference; explicitFileType = wrapper.cfbundle; includeInIndex = 0; path = MyFinanceUITests.xctest; sourceTree = BUILT_PRODUCTS_DIR; };
		295150851FAF9F8300A6107B /* MyFinanceUITests.swift */ = {isa = PBXFileReference; lastKnownFileType = sourcecode.swift; path = MyFinanceUITests.swift; sourceTree = "<group>"; };
		295150871FAF9F8300A6107B /* Info.plist */ = {isa = PBXFileReference; lastKnownFileType = text.plist.xml; path = Info.plist; sourceTree = "<group>"; };
		29C78C6F1FB334340028FB9D /* Type.swift */ = {isa = PBXFileReference; lastKnownFileType = sourcecode.swift; path = Type.swift; sourceTree = "<group>"; };
		29C78C721FB339AE0028FB9D /* AlertController.swift */ = {isa = PBXFileReference; lastKnownFileType = sourcecode.swift; path = AlertController.swift; sourceTree = "<group>"; };
/* End PBXFileReference section */

/* Begin PBXFrameworksBuildPhase section */
		2951505C1FAF9F8200A6107B /* Frameworks */ = {
			isa = PBXFrameworksBuildPhase;
			buildActionMask = 2147483647;
			files = (
			);
			runOnlyForDeploymentPostprocessing = 0;
		};
		295150731FAF9F8300A6107B /* Frameworks */ = {
			isa = PBXFrameworksBuildPhase;
			buildActionMask = 2147483647;
			files = (
			);
			runOnlyForDeploymentPostprocessing = 0;
		};
		2951507E1FAF9F8300A6107B /* Frameworks */ = {
			isa = PBXFrameworksBuildPhase;
			buildActionMask = 2147483647;
			files = (
			);
			runOnlyForDeploymentPostprocessing = 0;
		};
/* End PBXFrameworksBuildPhase section */

/* Begin PBXGroup section */
		290043EB1FB227B6007532AF /* Controller */ = {
			isa = PBXGroup;
			children = (
				295150641FAF9F8200A6107B /* ViewController.swift */,
			);
			path = Controller;
			sourceTree = "<group>";
		};
		290043EC1FB227C9007532AF /* Model */ = {
			isa = PBXGroup;
			children = (
				290043EF1FB22844007532AF /* Client */,
				295150691FAF9F8200A6107B /* MyFinance.xcdatamodeld */,
			);
			path = Model;
			sourceTree = "<group>";
		};
		290043ED1FB227D6007532AF /* Storyboards */ = {
			isa = PBXGroup;
			children = (
				295150661FAF9F8200A6107B /* Main.storyboard */,
				2951506E1FAF9F8200A6107B /* LaunchScreen.storyboard */,
			);
			path = Storyboards;
			sourceTree = "<group>";
		};
		290043EE1FB227EF007532AF /* Supporting Files */ = {
			isa = PBXGroup;
			children = (
				2951506C1FAF9F8200A6107B /* Assets.xcassets */,
				295150711FAF9F8200A6107B /* Info.plist */,
			);
			name = "Supporting Files";
			sourceTree = "<group>";
		};
		290043EF1FB22844007532AF /* Client */ = {
			isa = PBXGroup;
			children = (
				290043F01FB22863007532AF /* MYF */,
			);
			path = Client;
			sourceTree = "<group>";
		};
		290043F01FB22863007532AF /* MYF */ = {
			isa = PBXGroup;
			children = (
				290043F11FB22899007532AF /* MYFClient.swift */,
				290043F31FB228B1007532AF /* MYFConstants.swift */,
				290043F51FB228C7007532AF /* MYFConvinience.swift */,
			);
			path = MYF;
			sourceTree = "<group>";
		};
		295150561FAF9F8200A6107B = {
			isa = PBXGroup;
			children = (
				295150611FAF9F8200A6107B /* MyFinance */,
				295150791FAF9F8300A6107B /* MyFinanceTests */,
				295150841FAF9F8300A6107B /* MyFinanceUITests */,
				295150601FAF9F8200A6107B /* Products */,
			);
			sourceTree = "<group>";
		};
		295150601FAF9F8200A6107B /* Products */ = {
			isa = PBXGroup;
			children = (
				2951505F1FAF9F8200A6107B /* MyFinance.app */,
				295150761FAF9F8300A6107B /* MyFinanceTests.xctest */,
				295150811FAF9F8300A6107B /* MyFinanceUITests.xctest */,
			);
			name = Products;
			sourceTree = "<group>";
		};
		295150611FAF9F8200A6107B /* MyFinance */ = {
			isa = PBXGroup;
			children = (
				29C78C721FB339AE0028FB9D /* AlertController.swift */,
				295150621FAF9F8200A6107B /* AppDelegate.swift */,
				290043F71FB22913007532AF /* GCD.swift */,
				29C78C6F1FB334340028FB9D /* Type.swift */,
				290043EB1FB227B6007532AF /* Controller */,
				290043ED1FB227D6007532AF /* Storyboards */,
				290043EC1FB227C9007532AF /* Model */,
				290043EE1FB227EF007532AF /* Supporting Files */,
			);
			path = MyFinance;
			sourceTree = "<group>";
		};
		295150791FAF9F8300A6107B /* MyFinanceTests */ = {
			isa = PBXGroup;
			children = (
				2951507A1FAF9F8300A6107B /* MyFinanceTests.swift */,
				2951507C1FAF9F8300A6107B /* Info.plist */,
			);
			path = MyFinanceTests;
			sourceTree = "<group>";
		};
		295150841FAF9F8300A6107B /* MyFinanceUITests */ = {
			isa = PBXGroup;
			children = (
				295150851FAF9F8300A6107B /* MyFinanceUITests.swift */,
				295150871FAF9F8300A6107B /* Info.plist */,
			);
			path = MyFinanceUITests;
			sourceTree = "<group>";
		};
/* End PBXGroup section */

/* Begin PBXNativeTarget section */
		2951505E1FAF9F8200A6107B /* MyFinance */ = {
			isa = PBXNativeTarget;
			buildConfigurationList = 2951508A1FAF9F8300A6107B /* Build configuration list for PBXNativeTarget "MyFinance" */;
			buildPhases = (
				2951505B1FAF9F8200A6107B /* Sources */,
				2951505C1FAF9F8200A6107B /* Frameworks */,
				2951505D1FAF9F8200A6107B /* Resources */,
			);
			buildRules = (
			);
			dependencies = (
			);
			name = MyFinance;
			productName = MyFinance;
			productReference = 2951505F1FAF9F8200A6107B /* MyFinance.app */;
			productType = "com.apple.product-type.application";
		};
		295150751FAF9F8300A6107B /* MyFinanceTests */ = {
			isa = PBXNativeTarget;
			buildConfigurationList = 2951508D1FAF9F8300A6107B /* Build configuration list for PBXNativeTarget "MyFinanceTests" */;
			buildPhases = (
				295150721FAF9F8300A6107B /* Sources */,
				295150731FAF9F8300A6107B /* Frameworks */,
				295150741FAF9F8300A6107B /* Resources */,
			);
			buildRules = (
			);
			dependencies = (
				295150781FAF9F8300A6107B /* PBXTargetDependency */,
			);
			name = MyFinanceTests;
			productName = MyFinanceTests;
			productReference = 295150761FAF9F8300A6107B /* MyFinanceTests.xctest */;
			productType = "com.apple.product-type.bundle.unit-test";
		};
		295150801FAF9F8300A6107B /* MyFinanceUITests */ = {
			isa = PBXNativeTarget;
			buildConfigurationList = 295150901FAF9F8300A6107B /* Build configuration list for PBXNativeTarget "MyFinanceUITests" */;
			buildPhases = (
				2951507D1FAF9F8300A6107B /* Sources */,
				2951507E1FAF9F8300A6107B /* Frameworks */,
				2951507F1FAF9F8300A6107B /* Resources */,
			);
			buildRules = (
			);
			dependencies = (
				295150831FAF9F8300A6107B /* PBXTargetDependency */,
			);
			name = MyFinanceUITests;
			productName = MyFinanceUITests;
			productReference = 295150811FAF9F8300A6107B /* MyFinanceUITests.xctest */;
			productType = "com.apple.product-type.bundle.ui-testing";
		};
/* End PBXNativeTarget section */

/* Begin PBXProject section */
		295150571FAF9F8200A6107B /* Project object */ = {
			isa = PBXProject;
			attributes = {
				LastSwiftUpdateCheck = 0900;
				LastUpgradeCheck = 0900;
				ORGANIZATIONNAME = "Bosco Ybarra";
				TargetAttributes = {
					2951505E1FAF9F8200A6107B = {
						CreatedOnToolsVersion = 9.0.1;
						ProvisioningStyle = Automatic;
					};
					295150751FAF9F8300A6107B = {
						CreatedOnToolsVersion = 9.0.1;
						ProvisioningStyle = Automatic;
						TestTargetID = 2951505E1FAF9F8200A6107B;
					};
					295150801FAF9F8300A6107B = {
						CreatedOnToolsVersion = 9.0.1;
						ProvisioningStyle = Automatic;
						TestTargetID = 2951505E1FAF9F8200A6107B;
					};
				};
			};
			buildConfigurationList = 2951505A1FAF9F8200A6107B /* Build configuration list for PBXProject "MyFinance" */;
			compatibilityVersion = "Xcode 8.0";
			developmentRegion = en;
			hasScannedForEncodings = 0;
			knownRegions = (
				en,
				Base,
			);
			mainGroup = 295150561FAF9F8200A6107B;
			productRefGroup = 295150601FAF9F8200A6107B /* Products */;
			projectDirPath = "";
			projectRoot = "";
			targets = (
				2951505E1FAF9F8200A6107B /* MyFinance */,
				295150751FAF9F8300A6107B /* MyFinanceTests */,
				295150801FAF9F8300A6107B /* MyFinanceUITests */,
			);
		};
/* End PBXProject section */

/* Begin PBXResourcesBuildPhase section */
		2951505D1FAF9F8200A6107B /* Resources */ = {
			isa = PBXResourcesBuildPhase;
			buildActionMask = 2147483647;
			files = (
				295150701FAF9F8200A6107B /* LaunchScreen.storyboard in Resources */,
				2951506D1FAF9F8200A6107B /* Assets.xcassets in Resources */,
				295150681FAF9F8200A6107B /* Main.storyboard in Resources */,
			);
			runOnlyForDeploymentPostprocessing = 0;
		};
		295150741FAF9F8300A6107B /* Resources */ = {
			isa = PBXResourcesBuildPhase;
			buildActionMask = 2147483647;
			files = (
			);
			runOnlyForDeploymentPostprocessing = 0;
		};
		2951507F1FAF9F8300A6107B /* Resources */ = {
			isa = PBXResourcesBuildPhase;
			buildActionMask = 2147483647;
			files = (
			);
			runOnlyForDeploymentPostprocessing = 0;
		};
/* End PBXResourcesBuildPhase section */

/* Begin PBXSourcesBuildPhase section */
		2951505B1FAF9F8200A6107B /* Sources */ = {
			isa = PBXSourcesBuildPhase;
			buildActionMask = 2147483647;
			files = (
				290043F81FB22913007532AF /* GCD.swift in Sources */,
				29C78C731FB339AE0028FB9D /* AlertController.swift in Sources */,
				290043F41FB228B1007532AF /* MYFConstants.swift in Sources */,
				295150651FAF9F8200A6107B /* ViewController.swift in Sources */,
				290043F61FB228C8007532AF /* MYFConvinience.swift in Sources */,
				290043F21FB22899007532AF /* MYFClient.swift in Sources */,
				295150631FAF9F8200A6107B /* AppDelegate.swift in Sources */,
				2951506B1FAF9F8200A6107B /* MyFinance.xcdatamodeld in Sources */,
				29C78C701FB334340028FB9D /* Type.swift in Sources */,
			);
			runOnlyForDeploymentPostprocessing = 0;
		};
		295150721FAF9F8300A6107B /* Sources */ = {
			isa = PBXSourcesBuildPhase;
			buildActionMask = 2147483647;
			files = (
				2951507B1FAF9F8300A6107B /* MyFinanceTests.swift in Sources */,
			);
			runOnlyForDeploymentPostprocessing = 0;
		};
		2951507D1FAF9F8300A6107B /* Sources */ = {
			isa = PBXSourcesBuildPhase;
			buildActionMask = 2147483647;
			files = (
				295150861FAF9F8300A6107B /* MyFinanceUITests.swift in Sources */,
			);
			runOnlyForDeploymentPostprocessing = 0;
		};
/* End PBXSourcesBuildPhase section */

/* Begin PBXTargetDependency section */
		295150781FAF9F8300A6107B /* PBXTargetDependency */ = {
			isa = PBXTargetDependency;
			target = 2951505E1FAF9F8200A6107B /* MyFinance */;
			targetProxy = 295150771FAF9F8300A6107B /* PBXContainerItemProxy */;
		};
		295150831FAF9F8300A6107B /* PBXTargetDependency */ = {
			isa = PBXTargetDependency;
			target = 2951505E1FAF9F8200A6107B /* MyFinance */;
			targetProxy = 295150821FAF9F8300A6107B /* PBXContainerItemProxy */;
		};
/* End PBXTargetDependency section */

/* Begin PBXVariantGroup section */
		295150661FAF9F8200A6107B /* Main.storyboard */ = {
			isa = PBXVariantGroup;
			children = (
				295150671FAF9F8200A6107B /* Base */,
			);
			name = Main.storyboard;
			sourceTree = "<group>";
		};
		2951506E1FAF9F8200A6107B /* LaunchScreen.storyboard */ = {
			isa = PBXVariantGroup;
			children = (
				2951506F1FAF9F8200A6107B /* Base */,
			);
			name = LaunchScreen.storyboard;
			sourceTree = "<group>";
		};
/* End PBXVariantGroup section */

/* Begin XCBuildConfiguration section */
		295150881FAF9F8300A6107B /* Debug */ = {
			isa = XCBuildConfiguration;
			buildSettings = {
				ALWAYS_SEARCH_USER_PATHS = NO;
				CLANG_ANALYZER_NONNULL = YES;
				CLANG_ANALYZER_NUMBER_OBJECT_CONVERSION = YES_AGGRESSIVE;
				CLANG_CXX_LANGUAGE_STANDARD = "gnu++14";
				CLANG_CXX_LIBRARY = "libc++";
				CLANG_ENABLE_MODULES = YES;
				CLANG_ENABLE_OBJC_ARC = YES;
				CLANG_WARN_BLOCK_CAPTURE_AUTORELEASING = YES;
				CLANG_WARN_BOOL_CONVERSION = YES;
				CLANG_WARN_COMMA = YES;
				CLANG_WARN_CONSTANT_CONVERSION = YES;
				CLANG_WARN_DIRECT_OBJC_ISA_USAGE = YES_ERROR;
				CLANG_WARN_DOCUMENTATION_COMMENTS = YES;
				CLANG_WARN_EMPTY_BODY = YES;
				CLANG_WARN_ENUM_CONVERSION = YES;
				CLANG_WARN_INFINITE_RECURSION = YES;
				CLANG_WARN_INT_CONVERSION = YES;
				CLANG_WARN_NON_LITERAL_NULL_CONVERSION = YES;
				CLANG_WARN_OBJC_LITERAL_CONVERSION = YES;
				CLANG_WARN_OBJC_ROOT_CLASS = YES_ERROR;
				CLANG_WARN_RANGE_LOOP_ANALYSIS = YES;
				CLANG_WARN_STRICT_PROTOTYPES = YES;
				CLANG_WARN_SUSPICIOUS_MOVE = YES;
				CLANG_WARN_UNGUARDED_AVAILABILITY = YES_AGGRESSIVE;
				CLANG_WARN_UNREACHABLE_CODE = YES;
				CLANG_WARN__DUPLICATE_METHOD_MATCH = YES;
				CODE_SIGN_IDENTITY = "iPhone Developer";
				COPY_PHASE_STRIP = NO;
				DEBUG_INFORMATION_FORMAT = dwarf;
				ENABLE_STRICT_OBJC_MSGSEND = YES;
				ENABLE_TESTABILITY = YES;
				GCC_C_LANGUAGE_STANDARD = gnu11;
				GCC_DYNAMIC_NO_PIC = NO;
				GCC_NO_COMMON_BLOCKS = YES;
				GCC_OPTIMIZATION_LEVEL = 0;
				GCC_PREPROCESSOR_DEFINITIONS = (
					"DEBUG=1",
					"$(inherited)",
				);
				GCC_WARN_64_TO_32_BIT_CONVERSION = YES;
				GCC_WARN_ABOUT_RETURN_TYPE = YES_ERROR;
				GCC_WARN_UNDECLARED_SELECTOR = YES;
				GCC_WARN_UNINITIALIZED_AUTOS = YES_AGGRESSIVE;
				GCC_WARN_UNUSED_FUNCTION = YES;
				GCC_WARN_UNUSED_VARIABLE = YES;
				IPHONEOS_DEPLOYMENT_TARGET = 11.0;
				MTL_ENABLE_DEBUG_INFO = YES;
				ONLY_ACTIVE_ARCH = YES;
				SDKROOT = iphoneos;
				SWIFT_ACTIVE_COMPILATION_CONDITIONS = DEBUG;
				SWIFT_OPTIMIZATION_LEVEL = "-Onone";
			};
			name = Debug;
		};
		295150891FAF9F8300A6107B /* Release */ = {
			isa = XCBuildConfiguration;
			buildSettings = {
				ALWAYS_SEARCH_USER_PATHS = NO;
				CLANG_ANALYZER_NONNULL = YES;
				CLANG_ANALYZER_NUMBER_OBJECT_CONVERSION = YES_AGGRESSIVE;
				CLANG_CXX_LANGUAGE_STANDARD = "gnu++14";
				CLANG_CXX_LIBRARY = "libc++";
				CLANG_ENABLE_MODULES = YES;
				CLANG_ENABLE_OBJC_ARC = YES;
				CLANG_WARN_BLOCK_CAPTURE_AUTORELEASING = YES;
				CLANG_WARN_BOOL_CONVERSION = YES;
				CLANG_WARN_COMMA = YES;
				CLANG_WARN_CONSTANT_CONVERSION = YES;
				CLANG_WARN_DIRECT_OBJC_ISA_USAGE = YES_ERROR;
				CLANG_WARN_DOCUMENTATION_COMMENTS = YES;
				CLANG_WARN_EMPTY_BODY = YES;
				CLANG_WARN_ENUM_CONVERSION = YES;
				CLANG_WARN_INFINITE_RECURSION = YES;
				CLANG_WARN_INT_CONVERSION = YES;
				CLANG_WARN_NON_LITERAL_NULL_CONVERSION = YES;
				CLANG_WARN_OBJC_LITERAL_CONVERSION = YES;
				CLANG_WARN_OBJC_ROOT_CLASS = YES_ERROR;
				CLANG_WARN_RANGE_LOOP_ANALYSIS = YES;
				CLANG_WARN_STRICT_PROTOTYPES = YES;
				CLANG_WARN_SUSPICIOUS_MOVE = YES;
				CLANG_WARN_UNGUARDED_AVAILABILITY = YES_AGGRESSIVE;
				CLANG_WARN_UNREACHABLE_CODE = YES;
				CLANG_WARN__DUPLICATE_METHOD_MATCH = YES;
				CODE_SIGN_IDENTITY = "iPhone Developer";
				COPY_PHASE_STRIP = NO;
				DEBUG_INFORMATION_FORMAT = "dwarf-with-dsym";
				ENABLE_NS_ASSERTIONS = NO;
				ENABLE_STRICT_OBJC_MSGSEND = YES;
				GCC_C_LANGUAGE_STANDARD = gnu11;
				GCC_NO_COMMON_BLOCKS = YES;
				GCC_WARN_64_TO_32_BIT_CONVERSION = YES;
				GCC_WARN_ABOUT_RETURN_TYPE = YES_ERROR;
				GCC_WARN_UNDECLARED_SELECTOR = YES;
				GCC_WARN_UNINITIALIZED_AUTOS = YES_AGGRESSIVE;
				GCC_WARN_UNUSED_FUNCTION = YES;
				GCC_WARN_UNUSED_VARIABLE = YES;
				IPHONEOS_DEPLOYMENT_TARGET = 11.0;
				MTL_ENABLE_DEBUG_INFO = NO;
				SDKROOT = iphoneos;
				SWIFT_OPTIMIZATION_LEVEL = "-Owholemodule";
				VALIDATE_PRODUCT = YES;
			};
			name = Release;
		};
		2951508B1FAF9F8300A6107B /* Debug */ = {
			isa = XCBuildConfiguration;
			buildSettings = {
				ASSETCATALOG_COMPILER_APPICON_NAME = AppIcon;
				CODE_SIGN_STYLE = Automatic;
				DEVELOPMENT_TEAM = 3MGE8K5YK5;
				INFOPLIST_FILE = MyFinance/Info.plist;
				LD_RUNPATH_SEARCH_PATHS = "$(inherited) @executable_path/Frameworks";
				PRODUCT_BUNDLE_IDENTIFIER = jb.MyFinance;
				PRODUCT_NAME = "$(TARGET_NAME)";
				SWIFT_VERSION = 4.0;
				TARGETED_DEVICE_FAMILY = "1,2";
			};
			name = Debug;
		};
		2951508C1FAF9F8300A6107B /* Release */ = {
			isa = XCBuildConfiguration;
			buildSettings = {
				ASSETCATALOG_COMPILER_APPICON_NAME = AppIcon;
				CODE_SIGN_STYLE = Automatic;
				DEVELOPMENT_TEAM = 3MGE8K5YK5;
				INFOPLIST_FILE = MyFinance/Info.plist;
				LD_RUNPATH_SEARCH_PATHS = "$(inherited) @executable_path/Frameworks";
				PRODUCT_BUNDLE_IDENTIFIER = jb.MyFinance;
				PRODUCT_NAME = "$(TARGET_NAME)";
				SWIFT_VERSION = 4.0;
				TARGETED_DEVICE_FAMILY = "1,2";
			};
			name = Release;
		};
		2951508E1FAF9F8300A6107B /* Debug */ = {
			isa = XCBuildConfiguration;
			buildSettings = {
				ALWAYS_EMBED_SWIFT_STANDARD_LIBRARIES = YES;
				BUNDLE_LOADER = "$(TEST_HOST)";
				CODE_SIGN_STYLE = Automatic;
				DEVELOPMENT_TEAM = 3MGE8K5YK5;
				INFOPLIST_FILE = MyFinanceTests/Info.plist;
				LD_RUNPATH_SEARCH_PATHS = "$(inherited) @executable_path/Frameworks @loader_path/Frameworks";
				PRODUCT_BUNDLE_IDENTIFIER = jb.MyFinanceTests;
				PRODUCT_NAME = "$(TARGET_NAME)";
				SWIFT_VERSION = 4.0;
				TARGETED_DEVICE_FAMILY = "1,2";
				TEST_HOST = "$(BUILT_PRODUCTS_DIR)/MyFinance.app/MyFinance";
			};
			name = Debug;
		};
		2951508F1FAF9F8300A6107B /* Release */ = {
			isa = XCBuildConfiguration;
			buildSettings = {
				ALWAYS_EMBED_SWIFT_STANDARD_LIBRARIES = YES;
				BUNDLE_LOADER = "$(TEST_HOST)";
				CODE_SIGN_STYLE = Automatic;
				DEVELOPMENT_TEAM = 3MGE8K5YK5;
				INFOPLIST_FILE = MyFinanceTests/Info.plist;
				LD_RUNPATH_SEARCH_PATHS = "$(inherited) @executable_path/Frameworks @loader_path/Frameworks";
				PRODUCT_BUNDLE_IDENTIFIER = jb.MyFinanceTests;
				PRODUCT_NAME = "$(TARGET_NAME)";
				SWIFT_VERSION = 4.0;
				TARGETED_DEVICE_FAMILY = "1,2";
				TEST_HOST = "$(BUILT_PRODUCTS_DIR)/MyFinance.app/MyFinance";
			};
			name = Release;
		};
		295150911FAF9F8300A6107B /* Debug */ = {
			isa = XCBuildConfiguration;
			buildSettings = {
				ALWAYS_EMBED_SWIFT_STANDARD_LIBRARIES = YES;
				CODE_SIGN_STYLE = Automatic;
				DEVELOPMENT_TEAM = 3MGE8K5YK5;
				INFOPLIST_FILE = MyFinanceUITests/Info.plist;
				LD_RUNPATH_SEARCH_PATHS = "$(inherited) @executable_path/Frameworks @loader_path/Frameworks";
				PRODUCT_BUNDLE_IDENTIFIER = jb.MyFinanceUITests;
				PRODUCT_NAME = "$(TARGET_NAME)";
				SWIFT_VERSION = 4.0;
				TARGETED_DEVICE_FAMILY = "1,2";
				TEST_TARGET_NAME = MyFinance;
			};
			name = Debug;
		};
		295150921FAF9F8300A6107B /* Release */ = {
			isa = XCBuildConfiguration;
			buildSettings = {
				ALWAYS_EMBED_SWIFT_STANDARD_LIBRARIES = YES;
				CODE_SIGN_STYLE = Automatic;
				DEVELOPMENT_TEAM = 3MGE8K5YK5;
				INFOPLIST_FILE = MyFinanceUITests/Info.plist;
				LD_RUNPATH_SEARCH_PATHS = "$(inherited) @executable_path/Frameworks @loader_path/Frameworks";
				PRODUCT_BUNDLE_IDENTIFIER = jb.MyFinanceUITests;
				PRODUCT_NAME = "$(TARGET_NAME)";
				SWIFT_VERSION = 4.0;
				TARGETED_DEVICE_FAMILY = "1,2";
				TEST_TARGET_NAME = MyFinance;
			};
			name = Release;
		};
/* End XCBuildConfiguration section */

/* Begin XCConfigurationList section */
		2951505A1FAF9F8200A6107B /* Build configuration list for PBXProject "MyFinance" */ = {
			isa = XCConfigurationList;
			buildConfigurations = (
				295150881FAF9F8300A6107B /* Debug */,
				295150891FAF9F8300A6107B /* Release */,
			);
			defaultConfigurationIsVisible = 0;
			defaultConfigurationName = Release;
		};
		2951508A1FAF9F8300A6107B /* Build configuration list for PBXNativeTarget "MyFinance" */ = {
			isa = XCConfigurationList;
			buildConfigurations = (
				2951508B1FAF9F8300A6107B /* Debug */,
				2951508C1FAF9F8300A6107B /* Release */,
			);
			defaultConfigurationIsVisible = 0;
			defaultConfigurationName = Release;
		};
		2951508D1FAF9F8300A6107B /* Build configuration list for PBXNativeTarget "MyFinanceTests" */ = {
			isa = XCConfigurationList;
			buildConfigurations = (
				2951508E1FAF9F8300A6107B /* Debug */,
				2951508F1FAF9F8300A6107B /* Release */,
			);
			defaultConfigurationIsVisible = 0;
			defaultConfigurationName = Release;
		};
		295150901FAF9F8300A6107B /* Build configuration list for PBXNativeTarget "MyFinanceUITests" */ = {
			isa = XCConfigurationList;
			buildConfigurations = (
				295150911FAF9F8300A6107B /* Debug */,
				295150921FAF9F8300A6107B /* Release */,
			);
			defaultConfigurationIsVisible = 0;
			defaultConfigurationName = Release;
		};
/* End XCConfigurationList section */

/* Begin XCVersionGroup section */
		295150691FAF9F8200A6107B /* MyFinance.xcdatamodeld */ = {
			isa = XCVersionGroup;
			children = (
				2951506A1FAF9F8200A6107B /* MyFinance.xcdatamodel */,
			);
			currentVersion = 2951506A1FAF9F8200A6107B /* MyFinance.xcdatamodel */;
			path = MyFinance.xcdatamodeld;
			sourceTree = "<group>";
			versionGroupType = wrapper.xcdatamodel;
		};
/* End XCVersionGroup section */
	};
	rootObject = 295150571FAF9F8200A6107B /* Project object */;
}
